// !$*UTF8*$!
{
	archiveVersion = 1;
	classes = {
	};
	objectVersion = 46;
	objects = {

/* Begin PBXBuildFile section */
		6CD537AC186DC377007F0232 /* libBSON.a in Frameworks */ = {isa = PBXBuildFile; fileRef = 6CD537A8186DC330007F0232 /* libBSON.a */; };
		71098031186E0A3F0017C395 /* Security.framework in Frameworks */ = {isa = PBXBuildFile; fileRef = 71098030186E0A3F0017C395 /* Security.framework */; };
		71F455221875E4F500FCBA58 /* bsondocument.c in Sources */ = {isa = PBXBuildFile; fileRef = 71F455191875E4F500FCBA58 /* bsondocument.c */; };
		71F455231875E4F500FCBA58 /* bsondocument.h in Headers */ = {isa = PBXBuildFile; fileRef = 71F4551A1875E4F500FCBA58 /* bsondocument.h */; };
		71F455241875E4F500FCBA58 /* bsondocumentbuilder.c in Sources */ = {isa = PBXBuildFile; fileRef = 71F4551B1875E4F500FCBA58 /* bsondocumentbuilder.c */; };
		71F455251875E4F500FCBA58 /* bsondocumentbuilder.h in Headers */ = {isa = PBXBuildFile; fileRef = 71F4551C1875E4F500FCBA58 /* bsondocumentbuilder.h */; };
		71F455261875E4F500FCBA58 /* bsonelement.c in Sources */ = {isa = PBXBuildFile; fileRef = 71F4551D1875E4F500FCBA58 /* bsonelement.c */; };
		71F455271875E4F500FCBA58 /* bsonelement.h in Headers */ = {isa = PBXBuildFile; fileRef = 71F4551E1875E4F500FCBA58 /* bsonelement.h */; };
		71F455281875E4F500FCBA58 /* bsontypes.h in Headers */ = {isa = PBXBuildFile; fileRef = 71F4551F1875E4F500FCBA58 /* bsontypes.h */; };
		71F455291875E4F500FCBA58 /* oid.c in Sources */ = {isa = PBXBuildFile; fileRef = 71F455201875E4F500FCBA58 /* oid.c */; };
		71F4552A1875E4F500FCBA58 /* oid.h in Headers */ = {isa = PBXBuildFile; fileRef = 71F455211875E4F500FCBA58 /* oid.h */; };
		71F4552C1875E50900FCBA58 /* main.c in Sources */ = {isa = PBXBuildFile; fileRef = 71F4552B1875E50900FCBA58 /* main.c */; };
		71F455331875E8F500FCBA58 /* libcpl.a in Frameworks */ = {isa = PBXBuildFile; fileRef = 71F455161875E4B500FCBA58 /* libcpl.a */; };
/* End PBXBuildFile section */

/* Begin PBXContainerItemProxy section */
		6CD537AD186DC37D007F0232 /* PBXContainerItemProxy */ = {
			isa = PBXContainerItemProxy;
			containerPortal = 6CBCF61A186DC0B800E7E985 /* Project object */;
			proxyType = 1;
			remoteGlobalIDString = 6CD537A7186DC330007F0232;
			remoteInfo = BSON;
		};
		71F455151875E4B500FCBA58 /* PBXContainerItemProxy */ = {
			isa = PBXContainerItemProxy;
			containerPortal = 71F455101875E4B500FCBA58 /* CPL.xcodeproj */;
			proxyType = 2;
			remoteGlobalIDString = 71F454FD1875DC5C00FCBA58;
			remoteInfo = cpl;
		};
		71F455171875E4B500FCBA58 /* PBXContainerItemProxy */ = {
			isa = PBXContainerItemProxy;
			containerPortal = 71F455101875E4B500FCBA58 /* CPL.xcodeproj */;
			proxyType = 2;
			remoteGlobalIDString = 71F4550F1875DCF600FCBA58;
			remoteInfo = cpl_ios;
		};
		71F455311875E8F000FCBA58 /* PBXContainerItemProxy */ = {
			isa = PBXContainerItemProxy;
			containerPortal = 71F455101875E4B500FCBA58 /* CPL.xcodeproj */;
			proxyType = 1;
			remoteGlobalIDString = 71F454FC1875DC5C00FCBA58;
			remoteInfo = cpl;
		};
/* End PBXContainerItemProxy section */

/* Begin PBXCopyFilesBuildPhase section */
		6CD53797186DC2B3007F0232 /* CopyFiles */ = {
			isa = PBXCopyFilesBuildPhase;
			buildActionMask = 2147483647;
			dstPath = /usr/share/man/man1/;
			dstSubfolderSpec = 0;
			files = (
			);
			runOnlyForDeploymentPostprocessing = 1;
		};
/* End PBXCopyFilesBuildPhase section */

/* Begin PBXFileReference section */
		6CD53799186DC2B3007F0232 /* BSON Tests */ = {isa = PBXFileReference; explicitFileType = "compiled.mach-o.executable"; includeInIndex = 0; path = "BSON Tests"; sourceTree = BUILT_PRODUCTS_DIR; };
		6CD537A8186DC330007F0232 /* libBSON.a */ = {isa = PBXFileReference; explicitFileType = archive.ar; includeInIndex = 0; path = libBSON.a; sourceTree = BUILT_PRODUCTS_DIR; };
		71098030186E0A3F0017C395 /* Security.framework */ = {isa = PBXFileReference; lastKnownFileType = wrapper.framework; name = Security.framework; path = System/Library/Frameworks/Security.framework; sourceTree = SDKROOT; };
		71F455101875E4B500FCBA58 /* CPL.xcodeproj */ = {isa = PBXFileReference; lastKnownFileType = "wrapper.pb-project"; name = CPL.xcodeproj; path = ../deps/cpl/xcode/CPL.xcodeproj; sourceTree = "<group>"; };
		71F455191875E4F500FCBA58 /* bsondocument.c */ = {isa = PBXFileReference; fileEncoding = 4; lastKnownFileType = sourcecode.c.c; name = bsondocument.c; path = ../src/bsondocument.c; sourceTree = "<group>"; };
		71F4551A1875E4F500FCBA58 /* bsondocument.h */ = {isa = PBXFileReference; fileEncoding = 4; lastKnownFileType = sourcecode.c.h; name = bsondocument.h; path = ../src/bsondocument.h; sourceTree = "<group>"; };
		71F4551B1875E4F500FCBA58 /* bsondocumentbuilder.c */ = {isa = PBXFileReference; fileEncoding = 4; lastKnownFileType = sourcecode.c.c; name = bsondocumentbuilder.c; path = ../src/bsondocumentbuilder.c; sourceTree = "<group>"; };
		71F4551C1875E4F500FCBA58 /* bsondocumentbuilder.h */ = {isa = PBXFileReference; fileEncoding = 4; lastKnownFileType = sourcecode.c.h; name = bsondocumentbuilder.h; path = ../src/bsondocumentbuilder.h; sourceTree = "<group>"; };
		71F4551D1875E4F500FCBA58 /* bsonelement.c */ = {isa = PBXFileReference; fileEncoding = 4; lastKnownFileType = sourcecode.c.c; name = bsonelement.c; path = ../src/bsonelement.c; sourceTree = "<group>"; };
		71F4551E1875E4F500FCBA58 /* bsonelement.h */ = {isa = PBXFileReference; fileEncoding = 4; lastKnownFileType = sourcecode.c.h; name = bsonelement.h; path = ../src/bsonelement.h; sourceTree = "<group>"; };
		71F4551F1875E4F500FCBA58 /* bsontypes.h */ = {isa = PBXFileReference; fileEncoding = 4; lastKnownFileType = sourcecode.c.h; name = bsontypes.h; path = ../src/bsontypes.h; sourceTree = "<group>"; };
		71F455201875E4F500FCBA58 /* oid.c */ = {isa = PBXFileReference; fileEncoding = 4; lastKnownFileType = sourcecode.c.c; name = oid.c; path = ../src/oid.c; sourceTree = "<group>"; };
		71F455211875E4F500FCBA58 /* oid.h */ = {isa = PBXFileReference; fileEncoding = 4; lastKnownFileType = sourcecode.c.h; name = oid.h; path = ../src/oid.h; sourceTree = "<group>"; };
		71F4552B1875E50900FCBA58 /* main.c */ = {isa = PBXFileReference; fileEncoding = 4; lastKnownFileType = sourcecode.c.c; name = main.c; path = ../src/main.c; sourceTree = "<group>"; };
/* End PBXFileReference section */

/* Begin PBXFrameworksBuildPhase section */
		6CD53796186DC2B3007F0232 /* Frameworks */ = {
			isa = PBXFrameworksBuildPhase;
			buildActionMask = 2147483647;
			files = (
				71F455331875E8F500FCBA58 /* libcpl.a in Frameworks */,
				71098031186E0A3F0017C395 /* Security.framework in Frameworks */,
				6CD537AC186DC377007F0232 /* libBSON.a in Frameworks */,
			);
			runOnlyForDeploymentPostprocessing = 0;
		};
		6CD537A5186DC330007F0232 /* Frameworks */ = {
			isa = PBXFrameworksBuildPhase;
			buildActionMask = 2147483647;
			files = (
			);
			runOnlyForDeploymentPostprocessing = 0;
		};
/* End PBXFrameworksBuildPhase section */

/* Begin PBXGroup section */
		6CBCF619186DC0B800E7E985 = {
			isa = PBXGroup;
			children = (
				71F4552D1875E50F00FCBA58 /* Dependencies */,
				6CD53791186DC16B007F0232 /* src */,
				71098032186E0A500017C395 /* Frameworks */,
				6CD5379A186DC2B3007F0232 /* Products */,
			);
			sourceTree = "<group>";
		};
		6CD53791186DC16B007F0232 /* src */ = {
			isa = PBXGroup;
			children = (
				71F4552B1875E50900FCBA58 /* main.c */,
				71F455191875E4F500FCBA58 /* bsondocument.c */,
				71F4551A1875E4F500FCBA58 /* bsondocument.h */,
				71F4551B1875E4F500FCBA58 /* bsondocumentbuilder.c */,
				71F4551C1875E4F500FCBA58 /* bsondocumentbuilder.h */,
				71F4551D1875E4F500FCBA58 /* bsonelement.c */,
				71F4551E1875E4F500FCBA58 /* bsonelement.h */,
				71F4551F1875E4F500FCBA58 /* bsontypes.h */,
				71F455201875E4F500FCBA58 /* oid.c */,
				71F455211875E4F500FCBA58 /* oid.h */,
			);
			name = src;
			sourceTree = "<group>";
		};
		6CD5379A186DC2B3007F0232 /* Products */ = {
			isa = PBXGroup;
			children = (
				6CD53799186DC2B3007F0232 /* BSON Tests */,
				6CD537A8186DC330007F0232 /* libBSON.a */,
			);
			name = Products;
			sourceTree = "<group>";
		};
		71098032186E0A500017C395 /* Frameworks */ = {
			isa = PBXGroup;
			children = (
				71098030186E0A3F0017C395 /* Security.framework */,
			);
			name = Frameworks;
			sourceTree = "<group>";
		};
		71F455111875E4B500FCBA58 /* Products */ = {
			isa = PBXGroup;
			children = (
				71F455161875E4B500FCBA58 /* libcpl.a */,
				71F455181875E4B500FCBA58 /* libcpl.a */,
			);
			name = Products;
			sourceTree = "<group>";
		};
		71F4552D1875E50F00FCBA58 /* Dependencies */ = {
			isa = PBXGroup;
			children = (
				71F455101875E4B500FCBA58 /* CPL.xcodeproj */,
			);
			name = Dependencies;
			sourceTree = "<group>";
		};
/* End PBXGroup section */

/* Begin PBXHeadersBuildPhase section */
		6CD537A6186DC330007F0232 /* Headers */ = {
			isa = PBXHeadersBuildPhase;
			buildActionMask = 2147483647;
			files = (
				71F455281875E4F500FCBA58 /* bsontypes.h in Headers */,
				71F4552A1875E4F500FCBA58 /* oid.h in Headers */,
				71F455231875E4F500FCBA58 /* bsondocument.h in Headers */,
				71F455271875E4F500FCBA58 /* bsonelement.h in Headers */,
				71F455251875E4F500FCBA58 /* bsondocumentbuilder.h in Headers */,
			);
			runOnlyForDeploymentPostprocessing = 0;
		};
/* End PBXHeadersBuildPhase section */

/* Begin PBXNativeTarget section */
		6CD53798186DC2B3007F0232 /* BSON Tests */ = {
			isa = PBXNativeTarget;
			buildConfigurationList = 6CD537A0186DC2B3007F0232 /* Build configuration list for PBXNativeTarget "BSON Tests" */;
			buildPhases = (
				6CD53795186DC2B3007F0232 /* Sources */,
				6CD53796186DC2B3007F0232 /* Frameworks */,
				6CD53797186DC2B3007F0232 /* CopyFiles */,
			);
			buildRules = (
			);
			dependencies = (
				71F455321875E8F000FCBA58 /* PBXTargetDependency */,
				6CD537AE186DC37D007F0232 /* PBXTargetDependency */,
			);
			name = "BSON Tests";
			productName = BSON;
			productReference = 6CD53799186DC2B3007F0232 /* BSON Tests */;
			productType = "com.apple.product-type.tool";
		};
		6CD537A7186DC330007F0232 /* BSON */ = {
			isa = PBXNativeTarget;
			buildConfigurationList = 6CD537A9186DC330007F0232 /* Build configuration list for PBXNativeTarget "BSON" */;
			buildPhases = (
				6CD537A4186DC330007F0232 /* Sources */,
				6CD537A5186DC330007F0232 /* Frameworks */,
				6CD537A6186DC330007F0232 /* Headers */,
			);
			buildRules = (
			);
			dependencies = (
			);
			name = BSON;
			productName = BSON;
			productReference = 6CD537A8186DC330007F0232 /* libBSON.a */;
			productType = "com.apple.product-type.library.static";
		};
/* End PBXNativeTarget section */

/* Begin PBXProject section */
		6CBCF61A186DC0B800E7E985 /* Project object */ = {
			isa = PBXProject;
			attributes = {
				LastUpgradeCheck = 0500;
			};
			buildConfigurationList = 6CBCF61D186DC0B800E7E985 /* Build configuration list for PBXProject "BSON" */;
			compatibilityVersion = "Xcode 3.2";
			developmentRegion = English;
			hasScannedForEncodings = 0;
			knownRegions = (
				en,
			);
			mainGroup = 6CBCF619186DC0B800E7E985;
			productRefGroup = 6CD5379A186DC2B3007F0232 /* Products */;
			projectDirPath = "";
			projectReferences = (
				{
					ProductGroup = 71F455111875E4B500FCBA58 /* Products */;
					ProjectRef = 71F455101875E4B500FCBA58 /* CPL.xcodeproj */;
				},
			);
			projectRoot = "";
			targets = (
				6CD53798186DC2B3007F0232 /* BSON Tests */,
				6CD537A7186DC330007F0232 /* BSON */,
			);
		};
/* End PBXProject section */

/* Begin PBXReferenceProxy section */
		71F455161875E4B500FCBA58 /* libcpl.a */ = {
			isa = PBXReferenceProxy;
			fileType = archive.ar;
			path = libcpl.a;
			remoteRef = 71F455151875E4B500FCBA58 /* PBXContainerItemProxy */;
			sourceTree = BUILT_PRODUCTS_DIR;
		};
		71F455181875E4B500FCBA58 /* libcpl.a */ = {
			isa = PBXReferenceProxy;
			fileType = archive.ar;
			path = libcpl.a;
			remoteRef = 71F455171875E4B500FCBA58 /* PBXContainerItemProxy */;
			sourceTree = BUILT_PRODUCTS_DIR;
		};
/* End PBXReferenceProxy section */

/* Begin PBXSourcesBuildPhase section */
		6CD53795186DC2B3007F0232 /* Sources */ = {
			isa = PBXSourcesBuildPhase;
			buildActionMask = 2147483647;
			files = (
				71F4552C1875E50900FCBA58 /* main.c in Sources */,
			);
			runOnlyForDeploymentPostprocessing = 0;
		};
		6CD537A4186DC330007F0232 /* Sources */ = {
			isa = PBXSourcesBuildPhase;
			buildActionMask = 2147483647;
			files = (
				71F455241875E4F500FCBA58 /* bsondocumentbuilder.c in Sources */,
				71F455261875E4F500FCBA58 /* bsonelement.c in Sources */,
				71F455291875E4F500FCBA58 /* oid.c in Sources */,
				71F455221875E4F500FCBA58 /* bsondocument.c in Sources */,
			);
			runOnlyForDeploymentPostprocessing = 0;
		};
/* End PBXSourcesBuildPhase section */

/* Begin PBXTargetDependency section */
		6CD537AE186DC37D007F0232 /* PBXTargetDependency */ = {
			isa = PBXTargetDependency;
			target = 6CD537A7186DC330007F0232 /* BSON */;
			targetProxy = 6CD537AD186DC37D007F0232 /* PBXContainerItemProxy */;
		};
		71F455321875E8F000FCBA58 /* PBXTargetDependency */ = {
			isa = PBXTargetDependency;
			name = cpl;
			targetProxy = 71F455311875E8F000FCBA58 /* PBXContainerItemProxy */;
		};
/* End PBXTargetDependency section */

/* Begin XCBuildConfiguration section */
		6CBCF61E186DC0B800E7E985 /* Debug */ = {
			isa = XCBuildConfiguration;
			buildSettings = {
			};
			name = Debug;
		};
		6CBCF61F186DC0B800E7E985 /* Release */ = {
			isa = XCBuildConfiguration;
			buildSettings = {
			};
			name = Release;
		};
		6CD537A1186DC2B3007F0232 /* Debug */ = {
			isa = XCBuildConfiguration;
			buildSettings = {
				ALWAYS_SEARCH_USER_PATHS = NO;
				CLANG_CXX_LANGUAGE_STANDARD = "gnu++0x";
				CLANG_CXX_LIBRARY = "libc++";
				CLANG_ENABLE_OBJC_ARC = YES;
				CLANG_WARN_BOOL_CONVERSION = YES;
				CLANG_WARN_CONSTANT_CONVERSION = YES;
				CLANG_WARN_DIRECT_OBJC_ISA_USAGE = YES_ERROR;
				CLANG_WARN_EMPTY_BODY = YES;
				CLANG_WARN_ENUM_CONVERSION = YES;
				CLANG_WARN_INT_CONVERSION = YES;
				CLANG_WARN_OBJC_ROOT_CLASS = YES_ERROR;
				CLANG_WARN__DUPLICATE_METHOD_MATCH = YES;
				COPY_PHASE_STRIP = NO;
				GCC_C_LANGUAGE_STANDARD = c99;
				GCC_DYNAMIC_NO_PIC = NO;
				GCC_ENABLE_OBJC_EXCEPTIONS = YES;
				GCC_OPTIMIZATION_LEVEL = 0;
				GCC_PREPROCESSOR_DEFINITIONS = (
					"DEBUG=1",
					"$(inherited)",
				);
				GCC_SYMBOLS_PRIVATE_EXTERN = NO;
				GCC_WARN_64_TO_32_BIT_CONVERSION = YES;
				GCC_WARN_ABOUT_RETURN_TYPE = YES_ERROR;
				GCC_WARN_UNDECLARED_SELECTOR = YES;
				GCC_WARN_UNINITIALIZED_AUTOS = YES;
				GCC_WARN_UNUSED_FUNCTION = YES;
				GCC_WARN_UNUSED_VARIABLE = YES;
				HEADER_SEARCH_PATHS = (
					"$(inherited)",
					/Applications/Xcode.app/Contents/Developer/Toolchains/XcodeDefault.xctoolchain/usr/include,
					../deps/cpl/include,
				);
				MACOSX_DEPLOYMENT_TARGET = 10.9;
				ONLY_ACTIVE_ARCH = YES;
				PRODUCT_NAME = "$(TARGET_NAME)";
				SDKROOT = macosx;
			};
			name = Debug;
		};
		6CD537A2186DC2B3007F0232 /* Release */ = {
			isa = XCBuildConfiguration;
			buildSettings = {
				ALWAYS_SEARCH_USER_PATHS = NO;
				CLANG_CXX_LANGUAGE_STANDARD = "gnu++0x";
				CLANG_CXX_LIBRARY = "libc++";
				CLANG_ENABLE_OBJC_ARC = YES;
				CLANG_WARN_BOOL_CONVERSION = YES;
				CLANG_WARN_CONSTANT_CONVERSION = YES;
				CLANG_WARN_DIRECT_OBJC_ISA_USAGE = YES_ERROR;
				CLANG_WARN_EMPTY_BODY = YES;
				CLANG_WARN_ENUM_CONVERSION = YES;
				CLANG_WARN_INT_CONVERSION = YES;
				CLANG_WARN_OBJC_ROOT_CLASS = YES_ERROR;
				CLANG_WARN__DUPLICATE_METHOD_MATCH = YES;
				COPY_PHASE_STRIP = YES;
				DEBUG_INFORMATION_FORMAT = "dwarf-with-dsym";
				ENABLE_NS_ASSERTIONS = NO;
				GCC_C_LANGUAGE_STANDARD = c99;
				GCC_ENABLE_OBJC_EXCEPTIONS = YES;
				GCC_WARN_64_TO_32_BIT_CONVERSION = YES;
				GCC_WARN_ABOUT_RETURN_TYPE = YES_ERROR;
				GCC_WARN_UNDECLARED_SELECTOR = YES;
				GCC_WARN_UNINITIALIZED_AUTOS = YES;
				GCC_WARN_UNUSED_FUNCTION = YES;
				GCC_WARN_UNUSED_VARIABLE = YES;
				HEADER_SEARCH_PATHS = (
					"$(inherited)",
					/Applications/Xcode.app/Contents/Developer/Toolchains/XcodeDefault.xctoolchain/usr/include,
					../deps/cpl/include,
				);
				MACOSX_DEPLOYMENT_TARGET = 10.9;
				PRODUCT_NAME = "$(TARGET_NAME)";
				SDKROOT = macosx;
			};
			name = Release;
		};
		6CD537AA186DC330007F0232 /* Debug */ = {
			isa = XCBuildConfiguration;
			buildSettings = {
				ALWAYS_SEARCH_USER_PATHS = NO;
				CLANG_CXX_LANGUAGE_STANDARD = "gnu++0x";
				CLANG_CXX_LIBRARY = "libc++";
				CLANG_ENABLE_OBJC_ARC = YES;
				CLANG_WARN_BOOL_CONVERSION = YES;
				CLANG_WARN_CONSTANT_CONVERSION = YES;
				CLANG_WARN_DIRECT_OBJC_ISA_USAGE = YES_ERROR;
				CLANG_WARN_EMPTY_BODY = YES;
				CLANG_WARN_ENUM_CONVERSION = YES;
				CLANG_WARN_INT_CONVERSION = YES;
				CLANG_WARN_OBJC_ROOT_CLASS = YES_ERROR;
				CLANG_WARN__DUPLICATE_METHOD_MATCH = YES;
				COPY_PHASE_STRIP = NO;
				EXECUTABLE_PREFIX = lib;
				GCC_C_LANGUAGE_STANDARD = gnu99;
				GCC_DYNAMIC_NO_PIC = NO;
				GCC_ENABLE_OBJC_EXCEPTIONS = YES;
				GCC_OPTIMIZATION_LEVEL = 0;
				GCC_PREPROCESSOR_DEFINITIONS = (
					"DEBUG=1",
					"$(inherited)",
				);
				GCC_SYMBOLS_PRIVATE_EXTERN = NO;
				GCC_WARN_64_TO_32_BIT_CONVERSION = YES;
				GCC_WARN_ABOUT_RETURN_TYPE = YES_ERROR;
				GCC_WARN_UNDECLARED_SELECTOR = YES;
				GCC_WARN_UNINITIALIZED_AUTOS = YES;
				GCC_WARN_UNUSED_FUNCTION = YES;
				GCC_WARN_UNUSED_VARIABLE = YES;
				HEADER_SEARCH_PATHS = (
					"$(inherited)",
					/Applications/Xcode.app/Contents/Developer/Toolchains/XcodeDefault.xctoolchain/usr/include,
					../deps/cpl/include,
				);
				MACOSX_DEPLOYMENT_TARGET = 10.9;
				ONLY_ACTIVE_ARCH = YES;
				PRODUCT_NAME = "$(TARGET_NAME)";
				SDKROOT = macosx;
			};
			name = Debug;
		};
		6CD537AB186DC330007F0232 /* Release */ = {
			isa = XCBuildConfiguration;
			buildSettings = {
				ALWAYS_SEARCH_USER_PATHS = NO;
				CLANG_CXX_LANGUAGE_STANDARD = "gnu++0x";
				CLANG_CXX_LIBRARY = "libc++";
				CLANG_ENABLE_OBJC_ARC = YES;
				CLANG_WARN_BOOL_CONVERSION = YES;
				CLANG_WARN_CONSTANT_CONVERSION = YES;
				CLANG_WARN_DIRECT_OBJC_ISA_USAGE = YES_ERROR;
				CLANG_WARN_EMPTY_BODY = YES;
				CLANG_WARN_ENUM_CONVERSION = YES;
				CLANG_WARN_INT_CONVERSION = YES;
				CLANG_WARN_OBJC_ROOT_CLASS = YES_ERROR;
				CLANG_WARN__DUPLICATE_METHOD_MATCH = YES;
				COPY_PHASE_STRIP = YES;
				DEBUG_INFORMATION_FORMAT = "dwarf-with-dsym";
				ENABLE_NS_ASSERTIONS = NO;
				EXECUTABLE_PREFIX = lib;
				GCC_C_LANGUAGE_STANDARD = gnu99;
				GCC_ENABLE_OBJC_EXCEPTIONS = YES;
				GCC_WARN_64_TO_32_BIT_CONVERSION = YES;
				GCC_WARN_ABOUT_RETURN_TYPE = YES_ERROR;
				GCC_WARN_UNDECLARED_SELECTOR = YES;
				GCC_WARN_UNINITIALIZED_AUTOS = YES;
				GCC_WARN_UNUSED_FUNCTION = YES;
				GCC_WARN_UNUSED_VARIABLE = YES;
				HEADER_SEARCH_PATHS = (
					"$(inherited)",
					/Applications/Xcode.app/Contents/Developer/Toolchains/XcodeDefault.xctoolchain/usr/include,
					../deps/cpl/include,
				);
				MACOSX_DEPLOYMENT_TARGET = 10.9;
				PRODUCT_NAME = "$(TARGET_NAME)";
				SDKROOT = macosx;
			};
			name = Release;
		};
/* End XCBuildConfiguration section */

/* Begin XCConfigurationList section */
		6CBCF61D186DC0B800E7E985 /* Build configuration list for PBXProject "BSON" */ = {
			isa = XCConfigurationList;
			buildConfigurations = (
				6CBCF61E186DC0B800E7E985 /* Debug */,
				6CBCF61F186DC0B800E7E985 /* Release */,
			);
			defaultConfigurationIsVisible = 0;
			defaultConfigurationName = Release;
		};
		6CD537A0186DC2B3007F0232 /* Build configuration list for PBXNativeTarget "BSON Tests" */ = {
			isa = XCConfigurationList;
			buildConfigurations = (
				6CD537A1186DC2B3007F0232 /* Debug */,
				6CD537A2186DC2B3007F0232 /* Release */,
			);
			defaultConfigurationIsVisible = 0;
			defaultConfigurationName = Release;
		};
		6CD537A9186DC330007F0232 /* Build configuration list for PBXNativeTarget "BSON" */ = {
			isa = XCConfigurationList;
			buildConfigurations = (
				6CD537AA186DC330007F0232 /* Debug */,
				6CD537AB186DC330007F0232 /* Release */,
			);
			defaultConfigurationIsVisible = 0;
			defaultConfigurationName = Release;
		};
/* End XCConfigurationList section */
	};
	rootObject = 6CBCF61A186DC0B800E7E985 /* Project object */;
}
