// !$*UTF8*$!
{
	archiveVersion = 1;
	classes = {
	};
	objectVersion = 46;
	objects = {

/* Begin PBXGroup section */
		6CBCF619186DC0B800E7E985 = {
			isa = PBXGroup;
			children = (
			);
			sourceTree = "<group>";
		};
/* End PBXGroup section */

/* Begin PBXProject section */
		6CBCF61A186DC0B800E7E985 /* Project object */ = {
			isa = PBXProject;
			attributes = {
				LastUpgradeCheck = 0500;
			};
			buildConfigurationList = 6CBCF61D186DC0B800E7E985 /* Build configuration list for PBXProject "BSON" */;
			compatibilityVersion = "Xcode 3.2";
			developmentRegion = English;
			hasScannedForEncodings = 0;
			knownRegions = (
				en,
			);
			mainGroup = 6CBCF619186DC0B800E7E985;
			projectDirPath = "";
			projectRoot = "";
			targets = (
			);
		};
/* End PBXProject section */

/* Begin XCBuildConfiguration section */
		6CBCF61E186DC0B800E7E985 /* Debug */ = {
			isa = XCBuildConfiguration;
			buildSettings = {
			};
			name = Debug;
		};
		6CBCF61F186DC0B800E7E985 /* Release */ = {
			isa = XCBuildConfiguration;
			buildSettings = {
			};
			name = Release;
		};
/* End XCBuildConfiguration section */

/* Begin XCConfigurationList section */
		6CBCF61D186DC0B800E7E985 /* Build configuration list for PBXProject "BSON" */ = {
			isa = XCConfigurationList;
			buildConfigurations = (
				6CBCF61E186DC0B800E7E985 /* Debug */,
				6CBCF61F186DC0B800E7E985 /* Release */,
			);
			defaultConfigurationIsVisible = 0;
			defaultConfigurationName = Release;
		};
/* End XCConfigurationList section */
	};
	rootObject = 6CBCF61A186DC0B800E7E985 /* Project object */;
}
